
Microsoft Visual Studio Solution File, Format Version 12.00
# Visual Studio Version 17
VisualStudioVersion = 17.11.35327.3
MinimumVisualStudioVersion = 10.0.40219.1
Project("{8BC9CEB8-8B4A-11D0-8D11-00A0C91BC942}") = "7.1", "7.1\7.1.vcxproj", "{142A6CC3-368E-46FC-A54F-D9CAC83A3F35}"
EndProject
Project("{8BC9CEB8-8B4A-11D0-8D11-00A0C91BC942}") = "UnitTest1", "UnitTest1\UnitTest1.vcxproj", "{149F568A-EBE7-4ACE-B7CD-EC1DC1BF3262}"
EndProject
Global
	GlobalSection(SolutionConfigurationPlatforms) = preSolution
		Debug|x64 = Debug|x64
		Debug|x86 = Debug|x86
		Release|x64 = Release|x64
		Release|x86 = Release|x86
	EndGlobalSection
	GlobalSection(ProjectConfigurationPlatforms) = postSolution
		{142A6CC3-368E-46FC-A54F-D9CAC83A3F35}.Debug|x64.ActiveCfg = Debug|x64
		{142A6CC3-368E-46FC-A54F-D9CAC83A3F35}.Debug|x64.Build.0 = Debug|x64
		{142A6CC3-368E-46FC-A54F-D9CAC83A3F35}.Debug|x86.ActiveCfg = Debug|Win32
		{142A6CC3-368E-46FC-A54F-D9CAC83A3F35}.Debug|x86.Build.0 = Debug|Win32
		{142A6CC3-368E-46FC-A54F-D9CAC83A3F35}.Release|x64.ActiveCfg = Release|x64
		{142A6CC3-368E-46FC-A54F-D9CAC83A3F35}.Release|x64.Build.0 = Release|x64
		{142A6CC3-368E-46FC-A54F-D9CAC83A3F35}.Release|x86.ActiveCfg = Release|Win32
		{142A6CC3-368E-46FC-A54F-D9CAC83A3F35}.Release|x86.Build.0 = Release|Win32
		{149F568A-EBE7-4ACE-B7CD-EC1DC1BF3262}.Debug|x64.ActiveCfg = Debug|x64
		{149F568A-EBE7-4ACE-B7CD-EC1DC1BF3262}.Debug|x64.Build.0 = Debug|x64
		{149F568A-EBE7-4ACE-B7CD-EC1DC1BF3262}.Debug|x86.ActiveCfg = Debug|Win32
		{149F568A-EBE7-4ACE-B7CD-EC1DC1BF3262}.Debug|x86.Build.0 = Debug|Win32
		{149F568A-EBE7-4ACE-B7CD-EC1DC1BF3262}.Release|x64.ActiveCfg = Release|x64
		{149F568A-EBE7-4ACE-B7CD-EC1DC1BF3262}.Release|x64.Build.0 = Release|x64
		{149F568A-EBE7-4ACE-B7CD-EC1DC1BF3262}.Release|x86.ActiveCfg = Release|Win32
		{149F568A-EBE7-4ACE-B7CD-EC1DC1BF3262}.Release|x86.Build.0 = Release|Win32
	EndGlobalSection
	GlobalSection(SolutionProperties) = preSolution
		HideSolutionNode = FALSE
	EndGlobalSection
	GlobalSection(ExtensibilityGlobals) = postSolution
		SolutionGuid = {F325F297-760E-44D5-8C4B-9B70007D13EA}
	EndGlobalSection
EndGlobal
